
Microsoft Visual Studio Solution File, Format Version 12.00
# Visual Studio 15
VisualStudioVersion = 15.0.28010.0
MinimumVisualStudioVersion = 10.0.40219.1
Project("{8BC9CEB8-8B4A-11D0-8D11-00A0C91BC942}") = "MazeRunner", "MazeRunner\MazeRunner.vcxproj", "{76EFE87D-D0A6-43AA-BEA1-AF5043185C22}"
EndProject
Global
	GlobalSection(SolutionConfigurationPlatforms) = preSolution
		Debug|x64 = Debug|x64
		Debug|x86 = Debug|x86
		Release|x64 = Release|x64
		Release|x86 = Release|x86
	EndGlobalSection
	GlobalSection(ProjectConfigurationPlatforms) = postSolution
		{76EFE87D-D0A6-43AA-BEA1-AF5043185C22}.Debug|x64.ActiveCfg = Debug|x64
		{76EFE87D-D0A6-43AA-BEA1-AF5043185C22}.Debug|x64.Build.0 = Debug|x64
		{76EFE87D-D0A6-43AA-BEA1-AF5043185C22}.Debug|x86.ActiveCfg = Debug|Win32
		{76EFE87D-D0A6-43AA-BEA1-AF5043185C22}.Debug|x86.Build.0 = Debug|Win32
		{76EFE87D-D0A6-43AA-BEA1-AF5043185C22}.Release|x64.ActiveCfg = Release|x64
		{76EFE87D-D0A6-43AA-BEA1-AF5043185C22}.Release|x64.Build.0 = Release|x64
		{76EFE87D-D0A6-43AA-BEA1-AF5043185C22}.Release|x86.ActiveCfg = Release|Win32
		{76EFE87D-D0A6-43AA-BEA1-AF5043185C22}.Release|x86.Build.0 = Release|Win32
	EndGlobalSection
	GlobalSection(SolutionProperties) = preSolution
		HideSolutionNode = FALSE
	EndGlobalSection
	GlobalSection(ExtensibilityGlobals) = postSolution
		SolutionGuid = {7ED1A88E-EAC8-4E13-B867-94EF722DC7B5}
	EndGlobalSection
EndGlobal
